{
    "name": "cat-api",
    "version": "1.0.0",
    "lockfileVersion": 3,
    "requires": true,
    "packages": {
        "": {
            "name": "cat-api",
            "version": "1.0.0",
            "dependencies": {
                "@itznotabug/appexpress": "^1.6.2",
                "node-appwrite": "^12.0.1"
            },
            "devDependencies": {
                "prettier": "^3.2.5"
            }
        },
        "node_modules/@fastify/busboy": {
            "version": "2.1.1",
            "resolved": "https://registry.npmjs.org/@fastify/busboy/-/busboy-2.1.1.tgz",
            "integrity": "sha512-vBZP4NlzfOlerQTnba4aqZoMhE/a9HY7HRqoOPaETQcSQuWEIyZMHGfVu6w9wGtGK5fED5qRs2DteVCjOH60sA==",
            "license": "MIT",
            "engines": {
                "node": ">=14"
            }
        },
        "node_modules/@itznotabug/appexpress": {
            "version": "1.6.2",
            "resolved": "https://registry.npmjs.org/@itznotabug/appexpress/-/appexpress-1.6.2.tgz",
            "integrity": "sha512-ukBpn2cHwWsEjANb64/5pOroqTcLryt8P3JtEOdHHKCWZrc9ORMVQJZAlrOSts5TuwRhX0sl8UjX4F1chNdaKA==",
            "license": "Apache-2.0",
            "dependencies": {
                "mime-types": "2.1.35"
            }
        },
        "node_modules/mime-db": {
            "version": "1.52.0",
            "resolved": "https://registry.npmjs.org/mime-db/-/mime-db-1.52.0.tgz",
            "integrity": "sha512-sPU4uV7dYlvtWJxwwxHD0PuihVNiE7TyAbQ5SWxDCB9mUYvOgroQOwYQQOKPJ8CIbE+1ETVlOoK1UC2nU3gYvg==",
            "license": "MIT",
            "engines": {
                "node": ">= 0.6"
            }
        },
        "node_modules/mime-types": {
            "version": "2.1.35",
            "resolved": "https://registry.npmjs.org/mime-types/-/mime-types-2.1.35.tgz",
            "integrity": "sha512-ZDY+bPm5zTTF+YpCrAU9nK0UgICYPT0QtT1NZWFv4s++TNkcgVaT0g6+4R2uI4MjQjzysHB1zxuWL50hzaeXiw==",
            "license": "MIT",
            "dependencies": {
                "mime-db": "1.52.0"
            },
            "engines": {
                "node": ">= 0.6"
            }
        },
        "node_modules/node-appwrite": {
            "version": "12.0.1",
            "resolved": "https://registry.npmjs.org/node-appwrite/-/node-appwrite-12.0.1.tgz",
            "integrity": "sha512-2YHjh6gKe5oyFG4E4bnIz7zPEU456PYE6vCJerqGEgXD5xS5B4ToFFEvtYM6Vk3Q7XSWMqXo2sQJIXkT+MSD7A==",
            "license": "BSD-3-Clause",
            "dependencies": {
                "undici": "^5.28.2"
            }
        },
        "node_modules/prettier": {
            "version": "3.3.3",
            "resolved": "https://registry.npmjs.org/prettier/-/prettier-3.3.3.tgz",
            "integrity": "sha512-i2tDNA0O5IrMO757lfrdQZCc2jPNDVntV0m/+4whiDfWaTKfMNgR7Qz0NAeGz/nRqF4m5/6CLzbP4/liHt12Ew==",
            "dev": true,
            "license": "MIT",
            "bin": {
                "prettier": "bin/prettier.cjs"
            },
            "engines": {
                "node": ">=14"
            },
            "funding": {
                "url": "https://github.com/prettier/prettier?sponsor=1"
            }
        },
        "node_modules/undici": {
            "version": "5.28.4",
            "resolved": "https://registry.npmjs.org/undici/-/undici-5.28.4.tgz",
            "integrity": "sha512-72RFADWFqKmUb2hmmvNODKL3p9hcB6Gt2DOQMis1SEBaV6a4MH8soBvzg+95CYhCKPFedut2JY9bMfrDl9D23g==",
            "license": "MIT",
            "dependencies": {
                "@fastify/busboy": "^2.0.0"
            },
            "engines": {
                "node": ">=14.0"
            }
        }
    }
}
